
Microsoft Visual Studio Solution File, Format Version 12.00
# Visual Studio Version 17
VisualStudioVersion = 17.14.36518.9 d17.14
MinimumVisualStudioVersion = 10.0.40219.1
Project("{FAE04EC0-301F-11D3-BF4B-00C04F79EFBC}") = "spotify", "spotify.csproj", "{A1270396-E2D8-4DB5-AEA7-6B0F9A66C5C6}"
EndProject
Global
	GlobalSection(SolutionConfigurationPlatforms) = preSolution
		Debug|Any CPU = Debug|Any CPU
		Release|Any CPU = Release|Any CPU
	EndGlobalSection
	GlobalSection(ProjectConfigurationPlatforms) = postSolution
		{A1270396-E2D8-4DB5-AEA7-6B0F9A66C5C6}.Debug|Any CPU.ActiveCfg = Debug|Any CPU
		{A1270396-E2D8-4DB5-AEA7-6B0F9A66C5C6}.Debug|Any CPU.Build.0 = Debug|Any CPU
		{A1270396-E2D8-4DB5-AEA7-6B0F9A66C5C6}.Release|Any CPU.ActiveCfg = Release|Any CPU
		{A1270396-E2D8-4DB5-AEA7-6B0F9A66C5C6}.Release|Any CPU.Build.0 = Release|Any CPU
	EndGlobalSection
	GlobalSection(SolutionProperties) = preSolution
		HideSolutionNode = FALSE
	EndGlobalSection
	GlobalSection(ExtensibilityGlobals) = postSolution
		SolutionGuid = {E865FC44-0DC3-4BE7-BB4F-622633ADFB5D}
	EndGlobalSection
EndGlobal
